
Microsoft Visual Studio Solution File, Format Version 12.00
# Visual Studio 14
VisualStudioVersion = 14.0.24720.0
MinimumVisualStudioVersion = 10.0.40219.1
Project("{FAE04EC0-301F-11D3-BF4B-00C04F79EFBC}") = "ProjectOxfordExtension", "PortalExtension\ProjectOxfordExtension\ProjectOxfordExtension.csproj", "{6C088569-F0CE-4367-B087-EE77D4A4252A}"
EndProject
Project("{FAE04EC0-301F-11D3-BF4B-00C04F79EFBC}") = "ProjectOxfordExtension.DataModels", "PortalExtension\ProjectOxfordExtension.DataModels\ProjectOxfordExtension.DataModels.csproj", "{6FE0818D-0374-452D-9981-9959F469DE69}"
EndProject
Global
	GlobalSection(SolutionConfigurationPlatforms) = preSolution
		Debug|Any CPU = Debug|Any CPU
		Debug|x64 = Debug|x64
		Release|Any CPU = Release|Any CPU
		Release|x64 = Release|x64
	EndGlobalSection
	GlobalSection(ProjectConfigurationPlatforms) = postSolution
		{6C088569-F0CE-4367-B087-EE77D4A4252A}.Debug|Any CPU.ActiveCfg = Debug|Any CPU
		{6C088569-F0CE-4367-B087-EE77D4A4252A}.Debug|Any CPU.Build.0 = Debug|Any CPU
		{6C088569-F0CE-4367-B087-EE77D4A4252A}.Debug|x64.ActiveCfg = Debug|Any CPU
		{6C088569-F0CE-4367-B087-EE77D4A4252A}.Debug|x64.Build.0 = Debug|Any CPU
		{6C088569-F0CE-4367-B087-EE77D4A4252A}.Release|Any CPU.ActiveCfg = Release|Any CPU
		{6C088569-F0CE-4367-B087-EE77D4A4252A}.Release|Any CPU.Build.0 = Release|Any CPU
		{6C088569-F0CE-4367-B087-EE77D4A4252A}.Release|x64.ActiveCfg = Release|Any CPU
		{6C088569-F0CE-4367-B087-EE77D4A4252A}.Release|x64.Build.0 = Release|Any CPU
		{6FE0818D-0374-452D-9981-9959F469DE69}.Debug|Any CPU.ActiveCfg = Debug|Any CPU
		{6FE0818D-0374-452D-9981-9959F469DE69}.Debug|Any CPU.Build.0 = Debug|Any CPU
		{6FE0818D-0374-452D-9981-9959F469DE69}.Debug|x64.ActiveCfg = Debug|Any CPU
		{6FE0818D-0374-452D-9981-9959F469DE69}.Debug|x64.Build.0 = Debug|Any CPU
		{6FE0818D-0374-452D-9981-9959F469DE69}.Release|Any CPU.ActiveCfg = Release|Any CPU
		{6FE0818D-0374-452D-9981-9959F469DE69}.Release|Any CPU.Build.0 = Release|Any CPU
		{6FE0818D-0374-452D-9981-9959F469DE69}.Release|x64.ActiveCfg = Release|Any CPU
		{6FE0818D-0374-452D-9981-9959F469DE69}.Release|x64.Build.0 = Release|Any CPU
	EndGlobalSection
	GlobalSection(SolutionProperties) = preSolution
		HideSolutionNode = FALSE
	EndGlobalSection
	GlobalSection(TeamFoundationVersionControl) = preSolution
		SccNumberOfProjects = 2
		SccEnterpriseProvider = {4CA58AB2-18FA-4F8D-95D4-32DDF27D184C}
		SccTeamFoundationServer = http://vstfsng01:8080/tfs/cig
		SccProjectUniqueName0 = PortalExtension\\ProjectOxfordExtension\\ProjectOxfordExtension.csproj
		SccProjectName0 = PortalExtension/ProjectOxfordExtension
		SccAuxPath0 = http://vstfsng01:8080/tfs/cig
		SccLocalPath0 = PortalExtension\\ProjectOxfordExtension
		SccProvider0 = {4CA58AB2-18FA-4F8D-95D4-32DDF27D184C}
		SccProjectUniqueName1 = PortalExtension\\ProjectOxfordExtension.DataModels\\ProjectOxfordExtension.DataModels.csproj
		SccProjectName1 = PortalExtension/ProjectOxfordExtension.DataModels
		SccAuxPath1 = http://vstfsng01:8080/tfs/cig
		SccLocalPath1 = PortalExtension\\ProjectOxfordExtension.DataModels
		SccProvider1 = {4CA58AB2-18FA-4F8D-95D4-32DDF27D184C}
	EndGlobalSection
EndGlobal
